
Microsoft Visual Studio Solution File, Format Version 12.00
# Visual Studio Version 16
VisualStudioVersion = 16.0.29728.190
MinimumVisualStudioVersion = 10.0.40219.1
Project("{FAE04EC0-301F-11D3-BF4B-00C04F79EFBC}") = "WeightLossSystem.WebUI", "WeightLossSystem.WebUI\WeightLossSystem.WebUI.csproj", "{84483BC4-F2E8-4677-BABC-CAE471625043}"
EndProject
Project("{FAE04EC0-301F-11D3-BF4B-00C04F79EFBC}") = "WeightLossSystem.BL", "WeightLossSystem.BL\WeightLossSystem.BL.csproj", "{E3267C0D-5548-4A8C-AEDC-AB38C6ACF4A6}"
EndProject
Project("{FAE04EC0-301F-11D3-BF4B-00C04F79EFBC}") = "WeightLossSystem.Domain", "WeightLossSystem.Domain\WeightLossSystem.Domain.csproj", "{B19F009F-1DE7-44E1-BD35-8414D3DBC739}"
EndProject
Global
	GlobalSection(SolutionConfigurationPlatforms) = preSolution
		Debug|Any CPU = Debug|Any CPU
		Release|Any CPU = Release|Any CPU
	EndGlobalSection
	GlobalSection(ProjectConfigurationPlatforms) = postSolution
		{84483BC4-F2E8-4677-BABC-CAE471625043}.Debug|Any CPU.ActiveCfg = Debug|Any CPU
		{84483BC4-F2E8-4677-BABC-CAE471625043}.Debug|Any CPU.Build.0 = Debug|Any CPU
		{84483BC4-F2E8-4677-BABC-CAE471625043}.Release|Any CPU.ActiveCfg = Release|Any CPU
		{84483BC4-F2E8-4677-BABC-CAE471625043}.Release|Any CPU.Build.0 = Release|Any CPU
		{E3267C0D-5548-4A8C-AEDC-AB38C6ACF4A6}.Debug|Any CPU.ActiveCfg = Debug|Any CPU
		{E3267C0D-5548-4A8C-AEDC-AB38C6ACF4A6}.Debug|Any CPU.Build.0 = Debug|Any CPU
		{E3267C0D-5548-4A8C-AEDC-AB38C6ACF4A6}.Release|Any CPU.ActiveCfg = Release|Any CPU
		{E3267C0D-5548-4A8C-AEDC-AB38C6ACF4A6}.Release|Any CPU.Build.0 = Release|Any CPU
		{B19F009F-1DE7-44E1-BD35-8414D3DBC739}.Debug|Any CPU.ActiveCfg = Debug|Any CPU
		{B19F009F-1DE7-44E1-BD35-8414D3DBC739}.Debug|Any CPU.Build.0 = Debug|Any CPU
		{B19F009F-1DE7-44E1-BD35-8414D3DBC739}.Release|Any CPU.ActiveCfg = Release|Any CPU
		{B19F009F-1DE7-44E1-BD35-8414D3DBC739}.Release|Any CPU.Build.0 = Release|Any CPU
	EndGlobalSection
	GlobalSection(SolutionProperties) = preSolution
		HideSolutionNode = FALSE
	EndGlobalSection
	GlobalSection(ExtensibilityGlobals) = postSolution
		SolutionGuid = {F76231C1-C155-49FE-BF0F-0F44B6BB7A26}
	EndGlobalSection
EndGlobal
